{
  "version": 4,
  "terraform_version": "1.5.7",
  "serial": 20,
  "lineage": "6f6832b2-3191-9207-063d-ce55d5c2fbae",
  "outputs": {},
  "resources": [
    {
      "module": "module.consul",
      "mode": "managed",
      "type": "consul_keys",
      "name": "triplet_filter_config",
      "provider": "module.consul.provider[\"registry.terraform.io/hashicorp/consul\"]",
      "instances": [
        {
          "schema_version": 1,
          "attributes": {
            "datacenter": "dc1",
            "id": "consul",
            "key": [
              {
                "default": "",
                "delete": false,
                "flags": 0,
                "name": "",
                "path": "service/data-processor",
                "value": "90"
              }
            ],
            "namespace": null,
            "partition": null,
            "token": null,
            "var": {}
          },
          "sensitive_attributes": [],
          "private": "eyJzY2hlbWFfdmVyc2lvbiI6IjEifQ==",
          "dependencies": [
            "module.consul.docker_container.consul",
            "module.consul.docker_image.consul"
          ]
        }
      ]
    },
    {
      "module": "module.consul",
      "mode": "managed",
      "type": "docker_container",
      "name": "consul",
      "provider": "module.consul.provider[\"registry.terraform.io/kreuzwerker/docker\"]",
      "instances": [
        {
          "schema_version": 2,
          "attributes": {
            "attach": false,
            "bridge": "",
            "capabilities": [],
            "cgroupns_mode": null,
            "command": [
              "agent",
              "-server",
              "-bootstrap",
              "-client=0.0.0.0",
              "-ui"
            ],
            "container_logs": null,
            "container_read_refresh_timeout_milliseconds": 15000,
            "cpu_set": "",
            "cpu_shares": 0,
            "destroy_grace_seconds": null,
            "devices": [],
            "dns": null,
            "dns_opts": null,
            "dns_search": null,
            "domainname": "",
            "entrypoint": [
              "docker-entrypoint.sh"
            ],
            "env": [],
            "exit_code": null,
            "gpus": null,
            "group_add": null,
            "healthcheck": null,
            "host": [],
            "hostname": "d8dd37910e21",
            "id": "d8dd37910e212c4d590d3861f2d43a4083575079c6b14352bc24b1d40e969815",
            "image": "sha256:e244c64df77ab3586f177f1692e98575086eb40343dc82a6320f5e79543490eb",
            "init": false,
            "ipc_mode": "private",
            "labels": [],
            "log_driver": "json-file",
            "log_opts": null,
            "logs": false,
            "max_retry_count": 0,
            "memory": 0,
            "memory_swap": 0,
            "mounts": [],
            "must_run": true,
            "name": "consul-server",
            "network_data": [
              {
                "gateway": "172.17.0.1",
                "global_ipv6_address": "",
                "global_ipv6_prefix_length": 0,
                "ip_address": "172.17.0.2",
                "ip_prefix_length": 16,
                "ipv6_gateway": "",
                "mac_address": "02:42:ac:11:00:02",
                "network_name": "bridge"
              }
            ],
            "network_mode": "bridge",
            "networks_advanced": [],
            "pid_mode": "",
            "ports": [
              {
                "external": 8500,
                "internal": 8500,
                "ip": "0.0.0.0",
                "protocol": "tcp"
              }
            ],
            "privileged": false,
            "publish_all_ports": false,
            "read_only": false,
            "remove_volumes": true,
            "restart": "no",
            "rm": false,
            "runtime": "runc",
            "security_opts": [],
            "shm_size": 64,
            "start": true,
            "stdin_open": false,
            "stop_signal": "",
            "stop_timeout": 0,
            "storage_opts": null,
            "sysctls": null,
            "tmpfs": null,
            "tty": false,
            "ulimit": [],
            "upload": [],
            "user": "",
            "userns_mode": "",
            "volumes": [],
            "wait": false,
            "wait_timeout": 60,
            "working_dir": ""
          },
          "sensitive_attributes": [],
          "private": "eyJzY2hlbWFfdmVyc2lvbiI6IjIifQ==",
          "dependencies": [
            "module.consul.docker_image.consul"
          ]
        }
      ]
    },
    {
      "module": "module.consul",
      "mode": "managed",
      "type": "docker_image",
      "name": "consul",
      "provider": "module.consul.provider[\"registry.terraform.io/kreuzwerker/docker\"]",
      "instances": [
        {
          "schema_version": 0,
          "attributes": {
            "build": [],
            "force_remove": null,
            "id": "sha256:e244c64df77ab3586f177f1692e98575086eb40343dc82a6320f5e79543490ebhashicorp/consul:latest",
            "image_id": "sha256:e244c64df77ab3586f177f1692e98575086eb40343dc82a6320f5e79543490eb",
            "keep_locally": false,
            "name": "hashicorp/consul:latest",
            "platform": null,
            "pull_triggers": null,
            "repo_digest": "hashicorp/consul@sha256:e244c64df77ab3586f177f1692e98575086eb40343dc82a6320f5e79543490eb",
            "triggers": null
          },
          "sensitive_attributes": [],
          "private": "bnVsbA=="
        }
      ]
    },
    {
      "module": "module.consul",
      "mode": "managed",
      "type": "docker_network",
      "name": "consul_network",
      "provider": "module.consul.provider[\"registry.terraform.io/kreuzwerker/docker\"]",
      "instances": [
        {
          "schema_version": 1,
          "attributes": {
            "attachable": false,
            "check_duplicate": null,
            "driver": "bridge",
            "id": "e3dc68711b1cb0a8aa5a605f058309d06b0bcb2cb54ff3645eb189dfbec81792",
            "ingress": false,
            "internal": false,
            "ipam_config": [
              {
                "aux_address": {},
                "gateway": "172.18.0.1",
                "ip_range": "",
                "subnet": "172.18.0.0/16"
              }
            ],
            "ipam_driver": "default",
            "ipam_options": {},
            "ipv6": false,
            "labels": [],
            "name": "consul_network",
            "options": {},
            "scope": "local"
          },
          "sensitive_attributes": [],
          "private": "eyJzY2hlbWFfdmVyc2lvbiI6IjEifQ=="
        }
      ]
    }
  ],
  "check_results": null
}
