{
  "version": 4,
  "terraform_version": "1.5.7",
  "serial": 4,
  "lineage": "6f6832b2-3191-9207-063d-ce55d5c2fbae",
  "outputs": {},
  "resources": [
    {
      "module": "module.consul",
      "mode": "managed",
      "type": "docker_container",
      "name": "consul",
      "provider": "module.consul.provider[\"registry.terraform.io/kreuzwerker/docker\"]",
      "instances": []
    },
    {
      "module": "module.consul",
      "mode": "managed",
      "type": "docker_image",
      "name": "consul",
      "provider": "module.consul.provider[\"registry.terraform.io/kreuzwerker/docker\"]",
      "instances": [
        {
          "schema_version": 0,
          "attributes": {
            "build": [],
            "force_remove": null,
            "id": "sha256:e244c64df77ab3586f177f1692e98575086eb40343dc82a6320f5e79543490ebhashicorp/consul:latest",
            "image_id": "sha256:e244c64df77ab3586f177f1692e98575086eb40343dc82a6320f5e79543490eb",
            "keep_locally": false,
            "name": "hashicorp/consul:latest",
            "platform": null,
            "pull_triggers": null,
            "repo_digest": "hashicorp/consul@sha256:e244c64df77ab3586f177f1692e98575086eb40343dc82a6320f5e79543490eb",
            "triggers": null
          },
          "sensitive_attributes": [],
          "private": "bnVsbA=="
        }
      ]
    },
    {
      "module": "module.consul",
      "mode": "managed",
      "type": "docker_volume",
      "name": "consul_data",
      "provider": "module.consul.provider[\"registry.terraform.io/kreuzwerker/docker\"]",
      "instances": [
        {
          "schema_version": 1,
          "attributes": {
            "driver": "local",
            "driver_opts": null,
            "id": "consul-data",
            "labels": [],
            "mountpoint": "/var/lib/docker/volumes/consul-data/_data",
            "name": "consul-data"
          },
          "sensitive_attributes": [],
          "private": "eyJzY2hlbWFfdmVyc2lvbiI6IjEifQ=="
        }
      ]
    }
  ],
  "check_results": null
}
